// !$*UTF8*$!
{
	archiveVersion = 1;
	classes = {
	};
	objectVersion = 56;
	objects = {

/* Begin PBXBuildFile section */
		EA0A5F252A45D8E0005CA2C4 /* AmiiboFavoritesViewModelTests.swift in Sources */ = {isa = PBXBuildFile; fileRef = EA0A5F242A45D8E0005CA2C4 /* AmiiboFavoritesViewModelTests.swift */; };
		EA0A5F282A45D939005CA2C4 /* StubGetFavoriteAmiiboListUseCase.swift in Sources */ = {isa = PBXBuildFile; fileRef = EA0A5F272A45D939005CA2C4 /* StubGetFavoriteAmiiboListUseCase.swift */; };
		EA0A5F2A2A45DAE5005CA2C4 /* AmiiboDetailViewModelTests.swift in Sources */ = {isa = PBXBuildFile; fileRef = EA0A5F292A45DAE5005CA2C4 /* AmiiboDetailViewModelTests.swift */; };
		EA0A5F2D2A45DBB3005CA2C4 /* StubGetAmiiboDetailUseCase.swift in Sources */ = {isa = PBXBuildFile; fileRef = EA0A5F2C2A45DBB3005CA2C4 /* StubGetAmiiboDetailUseCase.swift */; };
		EA0A5F2F2A45DE84005CA2C4 /* StubSaveAmiiboFavoriteUseCase.swift in Sources */ = {isa = PBXBuildFile; fileRef = EA0A5F2E2A45DE84005CA2C4 /* StubSaveAmiiboFavoriteUseCase.swift */; };
		EA0C0AAD2A4470890043C2E8 /* AmiiboHomeDependencyAssembler.swift in Sources */ = {isa = PBXBuildFile; fileRef = EA0C0AAC2A4470890043C2E8 /* AmiiboHomeDependencyAssembler.swift */; };
		EA0C0AAF2A4471880043C2E8 /* AmiiboHomeViewModel.swift in Sources */ = {isa = PBXBuildFile; fileRef = EA0C0AAE2A4471880043C2E8 /* AmiiboHomeViewModel.swift */; };
		EA0C0AB12A44798F0043C2E8 /* AmiiboHomeViewModelProtocol.swift in Sources */ = {isa = PBXBuildFile; fileRef = EA0C0AB02A44798F0043C2E8 /* AmiiboHomeViewModelProtocol.swift */; };
		EA0C0AB32A447AFB0043C2E8 /* AmiiboHomeViewController.swift in Sources */ = {isa = PBXBuildFile; fileRef = EA0C0AB22A447AFB0043C2E8 /* AmiiboHomeViewController.swift */; };
		EA0C0AB62A448B470043C2E8 /* AmiiboHomeTableViewCell.swift in Sources */ = {isa = PBXBuildFile; fileRef = EA0C0AB52A448B470043C2E8 /* AmiiboHomeTableViewCell.swift */; };
		EA0C0ABA2A44A2F30043C2E8 /* UIViewController+Toast.swift in Sources */ = {isa = PBXBuildFile; fileRef = EA0C0AB92A44A2F30043C2E8 /* UIViewController+Toast.swift */; };
		EA0C0ABE2A44A6210043C2E8 /* AmiiboDependencyInjection.swift in Sources */ = {isa = PBXBuildFile; fileRef = EA0C0ABD2A44A6210043C2E8 /* AmiiboDependencyInjection.swift */; };
		EA0C0AC02A44A6C50043C2E8 /* DependencyInjectionContainer.swift in Sources */ = {isa = PBXBuildFile; fileRef = EA0C0ABF2A44A6C50043C2E8 /* DependencyInjectionContainer.swift */; };
		EA0C0AC22A44A8690043C2E8 /* FavoriteAmiiboViewController.swift in Sources */ = {isa = PBXBuildFile; fileRef = EA0C0AC12A44A8690043C2E8 /* FavoriteAmiiboViewController.swift */; };
		EA0C0AC52A44B2160043C2E8 /* ProvidesDependencyInjection.swift in Sources */ = {isa = PBXBuildFile; fileRef = EA0C0AC42A44B2160043C2E8 /* ProvidesDependencyInjection.swift */; };
		EA0C0AC72A44BDB60043C2E8 /* FavoritesAmiiboViewModel.swift in Sources */ = {isa = PBXBuildFile; fileRef = EA0C0AC62A44BDB60043C2E8 /* FavoritesAmiiboViewModel.swift */; };
		EA0C0AC92A44BDC70043C2E8 /* FavoritesAmiiboViewModelProtocol.swift in Sources */ = {isa = PBXBuildFile; fileRef = EA0C0AC82A44BDC70043C2E8 /* FavoritesAmiiboViewModelProtocol.swift */; };
		EA2531062A45C6B70088DF72 /* AmiiboUITests.swift in Sources */ = {isa = PBXBuildFile; fileRef = EA2531052A45C6B70088DF72 /* AmiiboUITests.swift */; };
		EA2531082A45C6B70088DF72 /* AmiiboUITestsLaunchTests.swift in Sources */ = {isa = PBXBuildFile; fileRef = EA2531072A45C6B70088DF72 /* AmiiboUITestsLaunchTests.swift */; };
		EA2531132A45C77E0088DF72 /* AmiiboHomeViewModelTests.swift in Sources */ = {isa = PBXBuildFile; fileRef = EA2531122A45C77E0088DF72 /* AmiiboHomeViewModelTests.swift */; };
		EA2531162A45C8E40088DF72 /* StubGetAmiiboListUseCase.swift in Sources */ = {isa = PBXBuildFile; fileRef = EA2531152A45C8E40088DF72 /* StubGetAmiiboListUseCase.swift */; };
		EA2531182A45C8FC0088DF72 /* StubFilterAmiiboByTypeUseCase.swift in Sources */ = {isa = PBXBuildFile; fileRef = EA2531172A45C8FC0088DF72 /* StubFilterAmiiboByTypeUseCase.swift */; };
		EA25311C2A45CD110088DF72 /* String+RandomID.swift in Sources */ = {isa = PBXBuildFile; fileRef = EA25311B2A45CD110088DF72 /* String+RandomID.swift */; };
		EA25311E2A45CD3D0088DF72 /* AmiiboDataBuilder.swift in Sources */ = {isa = PBXBuildFile; fileRef = EA25311D2A45CD3D0088DF72 /* AmiiboDataBuilder.swift */; };
		EA2531202A45CD4E0088DF72 /* ReleaseDataBuilder.swift in Sources */ = {isa = PBXBuildFile; fileRef = EA25311F2A45CD4E0088DF72 /* ReleaseDataBuilder.swift */; };
		EA4B10DD2A424A7000E56F7B /* AppDelegate.swift in Sources */ = {isa = PBXBuildFile; fileRef = EA4B10DC2A424A7000E56F7B /* AppDelegate.swift */; };
		EA4B10DF2A424A7000E56F7B /* SceneDelegate.swift in Sources */ = {isa = PBXBuildFile; fileRef = EA4B10DE2A424A7000E56F7B /* SceneDelegate.swift */; };
		EA4B10E42A424A7000E56F7B /* Main.storyboard in Resources */ = {isa = PBXBuildFile; fileRef = EA4B10E22A424A7000E56F7B /* Main.storyboard */; };
		EA4B10E62A424A7300E56F7B /* Assets.xcassets in Resources */ = {isa = PBXBuildFile; fileRef = EA4B10E52A424A7300E56F7B /* Assets.xcassets */; };
		EA4B10E92A424A7300E56F7B /* LaunchScreen.storyboard in Resources */ = {isa = PBXBuildFile; fileRef = EA4B10E72A424A7300E56F7B /* LaunchScreen.storyboard */; };
		EA4B113B2A4253C800E56F7B /* Domain.framework in Frameworks */ = {isa = PBXBuildFile; fileRef = EA4B113A2A4253C800E56F7B /* Domain.framework */; };
		EA4B113C2A4253C800E56F7B /* Domain.framework in Embed Frameworks */ = {isa = PBXBuildFile; fileRef = EA4B113A2A4253C800E56F7B /* Domain.framework */; settings = {ATTRIBUTES = (CodeSignOnCopy, RemoveHeadersOnCopy, ); }; };
		EA4B113F2A4253CC00E56F7B /* Infrastructure.framework in Frameworks */ = {isa = PBXBuildFile; fileRef = EA4B113E2A4253CC00E56F7B /* Infrastructure.framework */; };
		EA4B11402A4253CC00E56F7B /* Infrastructure.framework in Embed Frameworks */ = {isa = PBXBuildFile; fileRef = EA4B113E2A4253CC00E56F7B /* Infrastructure.framework */; settings = {ATTRIBUTES = (CodeSignOnCopy, RemoveHeadersOnCopy, ); }; };
		EA4B11462A4256FE00E56F7B /* Swinject in Frameworks */ = {isa = PBXBuildFile; productRef = EA4B11452A4256FE00E56F7B /* Swinject */; };
		EA7740612A44D5B600938571 /* AmiiboDetailViewController.swift in Sources */ = {isa = PBXBuildFile; fileRef = EA7740602A44D5B600938571 /* AmiiboDetailViewController.swift */; };
		EA7740632A44DF8600938571 /* CustomImageView.swift in Sources */ = {isa = PBXBuildFile; fileRef = EA7740622A44DF8600938571 /* CustomImageView.swift */; };
		EA7740652A44EACE00938571 /* AmiiboDetailViewModel.swift in Sources */ = {isa = PBXBuildFile; fileRef = EA7740642A44EACE00938571 /* AmiiboDetailViewModel.swift */; };
		EA7740672A44EC5C00938571 /* AmiiboDetailViewModelProtocol.swift in Sources */ = {isa = PBXBuildFile; fileRef = EA7740662A44EC5C00938571 /* AmiiboDetailViewModelProtocol.swift */; };
		EA7740692A44ED4200938571 /* AmiiboDetailDependencyAssembler.swift in Sources */ = {isa = PBXBuildFile; fileRef = EA7740682A44ED4200938571 /* AmiiboDetailDependencyAssembler.swift */; };
		EA77406D2A45173200938571 /* FavoriteAmiiboDependencyAssembler.swift in Sources */ = {isa = PBXBuildFile; fileRef = EA77406C2A45173200938571 /* FavoriteAmiiboDependencyAssembler.swift */; };
/* End PBXBuildFile section */

/* Begin PBXContainerItemProxy section */
		EA2530FA2A45C69A0088DF72 /* PBXContainerItemProxy */ = {
			isa = PBXContainerItemProxy;
			containerPortal = EA4B10D12A424A7000E56F7B /* Project object */;
			proxyType = 1;
			remoteGlobalIDString = EA4B10D82A424A7000E56F7B;
			remoteInfo = Amiibo;
		};
		EA2531092A45C6B70088DF72 /* PBXContainerItemProxy */ = {
			isa = PBXContainerItemProxy;
			containerPortal = EA4B10D12A424A7000E56F7B /* Project object */;
			proxyType = 1;
			remoteGlobalIDString = EA4B10D82A424A7000E56F7B;
			remoteInfo = Amiibo;
		};
/* End PBXContainerItemProxy section */

/* Begin PBXCopyFilesBuildPhase section */
		EA4B113D2A4253C800E56F7B /* Embed Frameworks */ = {
			isa = PBXCopyFilesBuildPhase;
			buildActionMask = 2147483647;
			dstPath = "";
			dstSubfolderSpec = 10;
			files = (
				EA4B113C2A4253C800E56F7B /* Domain.framework in Embed Frameworks */,
				EA4B11402A4253CC00E56F7B /* Infrastructure.framework in Embed Frameworks */,
			);
			name = "Embed Frameworks";
			runOnlyForDeploymentPostprocessing = 0;
		};
/* End PBXCopyFilesBuildPhase section */

/* Begin PBXFileReference section */
		EA0A5F242A45D8E0005CA2C4 /* AmiiboFavoritesViewModelTests.swift */ = {isa = PBXFileReference; lastKnownFileType = sourcecode.swift; path = AmiiboFavoritesViewModelTests.swift; sourceTree = "<group>"; };
		EA0A5F272A45D939005CA2C4 /* StubGetFavoriteAmiiboListUseCase.swift */ = {isa = PBXFileReference; lastKnownFileType = sourcecode.swift; path = StubGetFavoriteAmiiboListUseCase.swift; sourceTree = "<group>"; };
		EA0A5F292A45DAE5005CA2C4 /* AmiiboDetailViewModelTests.swift */ = {isa = PBXFileReference; lastKnownFileType = sourcecode.swift; path = AmiiboDetailViewModelTests.swift; sourceTree = "<group>"; };
		EA0A5F2C2A45DBB3005CA2C4 /* StubGetAmiiboDetailUseCase.swift */ = {isa = PBXFileReference; lastKnownFileType = sourcecode.swift; path = StubGetAmiiboDetailUseCase.swift; sourceTree = "<group>"; };
		EA0A5F2E2A45DE84005CA2C4 /* StubSaveAmiiboFavoriteUseCase.swift */ = {isa = PBXFileReference; lastKnownFileType = sourcecode.swift; path = StubSaveAmiiboFavoriteUseCase.swift; sourceTree = "<group>"; };
		EA0C0AAC2A4470890043C2E8 /* AmiiboHomeDependencyAssembler.swift */ = {isa = PBXFileReference; lastKnownFileType = sourcecode.swift; path = AmiiboHomeDependencyAssembler.swift; sourceTree = "<group>"; };
		EA0C0AAE2A4471880043C2E8 /* AmiiboHomeViewModel.swift */ = {isa = PBXFileReference; lastKnownFileType = sourcecode.swift; path = AmiiboHomeViewModel.swift; sourceTree = "<group>"; };
		EA0C0AB02A44798F0043C2E8 /* AmiiboHomeViewModelProtocol.swift */ = {isa = PBXFileReference; lastKnownFileType = sourcecode.swift; path = AmiiboHomeViewModelProtocol.swift; sourceTree = "<group>"; };
		EA0C0AB22A447AFB0043C2E8 /* AmiiboHomeViewController.swift */ = {isa = PBXFileReference; lastKnownFileType = sourcecode.swift; path = AmiiboHomeViewController.swift; sourceTree = "<group>"; };
		EA0C0AB52A448B470043C2E8 /* AmiiboHomeTableViewCell.swift */ = {isa = PBXFileReference; lastKnownFileType = sourcecode.swift; path = AmiiboHomeTableViewCell.swift; sourceTree = "<group>"; };
		EA0C0AB92A44A2F30043C2E8 /* UIViewController+Toast.swift */ = {isa = PBXFileReference; lastKnownFileType = sourcecode.swift; path = "UIViewController+Toast.swift"; sourceTree = "<group>"; };
		EA0C0ABD2A44A6210043C2E8 /* AmiiboDependencyInjection.swift */ = {isa = PBXFileReference; lastKnownFileType = sourcecode.swift; path = AmiiboDependencyInjection.swift; sourceTree = "<group>"; };
		EA0C0ABF2A44A6C50043C2E8 /* DependencyInjectionContainer.swift */ = {isa = PBXFileReference; lastKnownFileType = sourcecode.swift; path = DependencyInjectionContainer.swift; sourceTree = "<group>"; };
		EA0C0AC12A44A8690043C2E8 /* FavoriteAmiiboViewController.swift */ = {isa = PBXFileReference; lastKnownFileType = sourcecode.swift; path = FavoriteAmiiboViewController.swift; sourceTree = "<group>"; };
		EA0C0AC42A44B2160043C2E8 /* ProvidesDependencyInjection.swift */ = {isa = PBXFileReference; lastKnownFileType = sourcecode.swift; path = ProvidesDependencyInjection.swift; sourceTree = "<group>"; };
		EA0C0AC62A44BDB60043C2E8 /* FavoritesAmiiboViewModel.swift */ = {isa = PBXFileReference; lastKnownFileType = sourcecode.swift; path = FavoritesAmiiboViewModel.swift; sourceTree = "<group>"; };
		EA0C0AC82A44BDC70043C2E8 /* FavoritesAmiiboViewModelProtocol.swift */ = {isa = PBXFileReference; lastKnownFileType = sourcecode.swift; path = FavoritesAmiiboViewModelProtocol.swift; sourceTree = "<group>"; };
		EA2530F62A45C6990088DF72 /* AmiiboTests.xctest */ = {isa = PBXFileReference; explicitFileType = wrapper.cfbundle; includeInIndex = 0; path = AmiiboTests.xctest; sourceTree = BUILT_PRODUCTS_DIR; };
		EA2531032A45C6B60088DF72 /* AmiiboUITests.xctest */ = {isa = PBXFileReference; explicitFileType = wrapper.cfbundle; includeInIndex = 0; path = AmiiboUITests.xctest; sourceTree = BUILT_PRODUCTS_DIR; };
		EA2531052A45C6B70088DF72 /* AmiiboUITests.swift */ = {isa = PBXFileReference; lastKnownFileType = sourcecode.swift; path = AmiiboUITests.swift; sourceTree = "<group>"; };
		EA2531072A45C6B70088DF72 /* AmiiboUITestsLaunchTests.swift */ = {isa = PBXFileReference; lastKnownFileType = sourcecode.swift; path = AmiiboUITestsLaunchTests.swift; sourceTree = "<group>"; };
		EA2531122A45C77E0088DF72 /* AmiiboHomeViewModelTests.swift */ = {isa = PBXFileReference; lastKnownFileType = sourcecode.swift; path = AmiiboHomeViewModelTests.swift; sourceTree = "<group>"; };
		EA2531152A45C8E40088DF72 /* StubGetAmiiboListUseCase.swift */ = {isa = PBXFileReference; lastKnownFileType = sourcecode.swift; path = StubGetAmiiboListUseCase.swift; sourceTree = "<group>"; };
		EA2531172A45C8FC0088DF72 /* StubFilterAmiiboByTypeUseCase.swift */ = {isa = PBXFileReference; lastKnownFileType = sourcecode.swift; path = StubFilterAmiiboByTypeUseCase.swift; sourceTree = "<group>"; };
		EA25311B2A45CD110088DF72 /* String+RandomID.swift */ = {isa = PBXFileReference; lastKnownFileType = sourcecode.swift; path = "String+RandomID.swift"; sourceTree = "<group>"; };
		EA25311D2A45CD3D0088DF72 /* AmiiboDataBuilder.swift */ = {isa = PBXFileReference; lastKnownFileType = sourcecode.swift; path = AmiiboDataBuilder.swift; sourceTree = "<group>"; };
		EA25311F2A45CD4E0088DF72 /* ReleaseDataBuilder.swift */ = {isa = PBXFileReference; lastKnownFileType = sourcecode.swift; path = ReleaseDataBuilder.swift; sourceTree = "<group>"; };
		EA4B10D92A424A7000E56F7B /* Amiibo.app */ = {isa = PBXFileReference; explicitFileType = wrapper.application; includeInIndex = 0; path = Amiibo.app; sourceTree = BUILT_PRODUCTS_DIR; };
		EA4B10DC2A424A7000E56F7B /* AppDelegate.swift */ = {isa = PBXFileReference; lastKnownFileType = sourcecode.swift; path = AppDelegate.swift; sourceTree = "<group>"; };
		EA4B10DE2A424A7000E56F7B /* SceneDelegate.swift */ = {isa = PBXFileReference; lastKnownFileType = sourcecode.swift; path = SceneDelegate.swift; sourceTree = "<group>"; };
		EA4B10E32A424A7000E56F7B /* Base */ = {isa = PBXFileReference; lastKnownFileType = file.storyboard; name = Base; path = Base.lproj/Main.storyboard; sourceTree = "<group>"; };
		EA4B10E52A424A7300E56F7B /* Assets.xcassets */ = {isa = PBXFileReference; lastKnownFileType = folder.assetcatalog; path = Assets.xcassets; sourceTree = "<group>"; };
		EA4B10E82A424A7300E56F7B /* Base */ = {isa = PBXFileReference; lastKnownFileType = file.storyboard; name = Base; path = Base.lproj/LaunchScreen.storyboard; sourceTree = "<group>"; };
		EA4B10EA2A424A7300E56F7B /* Info.plist */ = {isa = PBXFileReference; lastKnownFileType = text.plist.xml; path = Info.plist; sourceTree = "<group>"; };
		EA4B113A2A4253C800E56F7B /* Domain.framework */ = {isa = PBXFileReference; explicitFileType = wrapper.framework; path = Domain.framework; sourceTree = BUILT_PRODUCTS_DIR; };
		EA4B113E2A4253CC00E56F7B /* Infrastructure.framework */ = {isa = PBXFileReference; explicitFileType = wrapper.framework; path = Infrastructure.framework; sourceTree = BUILT_PRODUCTS_DIR; };
		EA7740602A44D5B600938571 /* AmiiboDetailViewController.swift */ = {isa = PBXFileReference; lastKnownFileType = sourcecode.swift; path = AmiiboDetailViewController.swift; sourceTree = "<group>"; };
		EA7740622A44DF8600938571 /* CustomImageView.swift */ = {isa = PBXFileReference; lastKnownFileType = sourcecode.swift; path = CustomImageView.swift; sourceTree = "<group>"; };
		EA7740642A44EACE00938571 /* AmiiboDetailViewModel.swift */ = {isa = PBXFileReference; lastKnownFileType = sourcecode.swift; path = AmiiboDetailViewModel.swift; sourceTree = "<group>"; };
		EA7740662A44EC5C00938571 /* AmiiboDetailViewModelProtocol.swift */ = {isa = PBXFileReference; lastKnownFileType = sourcecode.swift; path = AmiiboDetailViewModelProtocol.swift; sourceTree = "<group>"; };
		EA7740682A44ED4200938571 /* AmiiboDetailDependencyAssembler.swift */ = {isa = PBXFileReference; lastKnownFileType = sourcecode.swift; path = AmiiboDetailDependencyAssembler.swift; sourceTree = "<group>"; };
		EA77406C2A45173200938571 /* FavoriteAmiiboDependencyAssembler.swift */ = {isa = PBXFileReference; lastKnownFileType = sourcecode.swift; path = FavoriteAmiiboDependencyAssembler.swift; sourceTree = "<group>"; };
/* End PBXFileReference section */

/* Begin PBXFrameworksBuildPhase section */
		EA2530F32A45C6990088DF72 /* Frameworks */ = {
			isa = PBXFrameworksBuildPhase;
			buildActionMask = 2147483647;
			files = (
			);
			runOnlyForDeploymentPostprocessing = 0;
		};
		EA2531002A45C6B60088DF72 /* Frameworks */ = {
			isa = PBXFrameworksBuildPhase;
			buildActionMask = 2147483647;
			files = (
			);
			runOnlyForDeploymentPostprocessing = 0;
		};
		EA4B10D62A424A7000E56F7B /* Frameworks */ = {
			isa = PBXFrameworksBuildPhase;
			buildActionMask = 2147483647;
			files = (
				EA4B113B2A4253C800E56F7B /* Domain.framework in Frameworks */,
				EA4B113F2A4253CC00E56F7B /* Infrastructure.framework in Frameworks */,
				EA4B11462A4256FE00E56F7B /* Swinject in Frameworks */,
			);
			runOnlyForDeploymentPostprocessing = 0;
		};
/* End PBXFrameworksBuildPhase section */

/* Begin PBXGroup section */
		EA0A5F262A45D919005CA2C4 /* Stub */ = {
			isa = PBXGroup;
			children = (
				EA0A5F272A45D939005CA2C4 /* StubGetFavoriteAmiiboListUseCase.swift */,
			);
			path = Stub;
			sourceTree = "<group>";
		};
		EA0A5F2B2A45DB2B005CA2C4 /* Stub */ = {
			isa = PBXGroup;
			children = (
				EA0A5F2C2A45DBB3005CA2C4 /* StubGetAmiiboDetailUseCase.swift */,
				EA0A5F2E2A45DE84005CA2C4 /* StubSaveAmiiboFavoriteUseCase.swift */,
			);
			path = Stub;
			sourceTree = "<group>";
		};
		EA0C0AB42A448B010043C2E8 /* Components */ = {
			isa = PBXGroup;
			children = (
				EA0C0AB52A448B470043C2E8 /* AmiiboHomeTableViewCell.swift */,
			);
			path = Components;
			sourceTree = "<group>";
		};
		EA0C0AB72A44A2AB0043C2E8 /* Shared */ = {
			isa = PBXGroup;
			children = (
				EA0C0AB82A44A2BE0043C2E8 /* Components */,
			);
			path = Shared;
			sourceTree = "<group>";
		};
		EA0C0AB82A44A2BE0043C2E8 /* Components */ = {
			isa = PBXGroup;
			children = (
				EA0C0AB92A44A2F30043C2E8 /* UIViewController+Toast.swift */,
				EA7740622A44DF8600938571 /* CustomImageView.swift */,
			);
			path = Components;
			sourceTree = "<group>";
		};
		EA0C0ABB2A44A5DC0043C2E8 /* DependencyInjection */ = {
			isa = PBXGroup;
			children = (
				EA0C0AC32A44B1EB0043C2E8 /* ProvidesDependencyInjection */,
				EA0C0ABC2A44A5ED0043C2E8 /* AmiiboDependencyInjection */,
				EA0C0ABF2A44A6C50043C2E8 /* DependencyInjectionContainer.swift */,
			);
			path = DependencyInjection;
			sourceTree = "<group>";
		};
		EA0C0ABC2A44A5ED0043C2E8 /* AmiiboDependencyInjection */ = {
			isa = PBXGroup;
			children = (
				EA0C0ABD2A44A6210043C2E8 /* AmiiboDependencyInjection.swift */,
			);
			path = AmiiboDependencyInjection;
			sourceTree = "<group>";
		};
		EA0C0AC32A44B1EB0043C2E8 /* ProvidesDependencyInjection */ = {
			isa = PBXGroup;
			children = (
				EA0C0AC42A44B2160043C2E8 /* ProvidesDependencyInjection.swift */,
			);
			path = ProvidesDependencyInjection;
			sourceTree = "<group>";
		};
		EA2530F72A45C69A0088DF72 /* AmiiboTests */ = {
			isa = PBXGroup;
			children = (
				EA25310E2A45C7150088DF72 /* Amiibo */,
			);
			path = AmiiboTests;
			sourceTree = "<group>";
		};
		EA2531042A45C6B70088DF72 /* AmiiboUITests */ = {
			isa = PBXGroup;
			children = (
				EA2531052A45C6B70088DF72 /* AmiiboUITests.swift */,
				EA2531072A45C6B70088DF72 /* AmiiboUITestsLaunchTests.swift */,
			);
			path = AmiiboUITests;
			sourceTree = "<group>";
		};
		EA25310E2A45C7150088DF72 /* Amiibo */ = {
			isa = PBXGroup;
			children = (
				EA25311A2A45CCE20088DF72 /* Utils */,
				EA2531192A45CAF10088DF72 /* DataBuilder */,
				EA25310F2A45C7200088DF72 /* AmiiboDetail */,
				EA2531102A45C72D0088DF72 /* AmiiboFavorites */,
				EA2531112A45C73D0088DF72 /* AmiboHome */,
			);
			path = Amiibo;
			sourceTree = "<group>";
		};
		EA25310F2A45C7200088DF72 /* AmiiboDetail */ = {
			isa = PBXGroup;
			children = (
				EA0A5F2B2A45DB2B005CA2C4 /* Stub */,
				EA0A5F292A45DAE5005CA2C4 /* AmiiboDetailViewModelTests.swift */,
			);
			path = AmiiboDetail;
			sourceTree = "<group>";
		};
		EA2531102A45C72D0088DF72 /* AmiiboFavorites */ = {
			isa = PBXGroup;
			children = (
				EA0A5F262A45D919005CA2C4 /* Stub */,
				EA0A5F242A45D8E0005CA2C4 /* AmiiboFavoritesViewModelTests.swift */,
			);
			path = AmiiboFavorites;
			sourceTree = "<group>";
		};
		EA2531112A45C73D0088DF72 /* AmiboHome */ = {
			isa = PBXGroup;
			children = (
				EA2531142A45C8C20088DF72 /* Stub */,
				EA2531122A45C77E0088DF72 /* AmiiboHomeViewModelTests.swift */,
			);
			path = AmiboHome;
			sourceTree = "<group>";
		};
		EA2531142A45C8C20088DF72 /* Stub */ = {
			isa = PBXGroup;
			children = (
				EA2531152A45C8E40088DF72 /* StubGetAmiiboListUseCase.swift */,
				EA2531172A45C8FC0088DF72 /* StubFilterAmiiboByTypeUseCase.swift */,
			);
			path = Stub;
			sourceTree = "<group>";
		};
		EA2531192A45CAF10088DF72 /* DataBuilder */ = {
			isa = PBXGroup;
			children = (
				EA25311D2A45CD3D0088DF72 /* AmiiboDataBuilder.swift */,
				EA25311F2A45CD4E0088DF72 /* ReleaseDataBuilder.swift */,
			);
			path = DataBuilder;
			sourceTree = "<group>";
		};
		EA25311A2A45CCE20088DF72 /* Utils */ = {
			isa = PBXGroup;
			children = (
				EA25311B2A45CD110088DF72 /* String+RandomID.swift */,
			);
			path = Utils;
			sourceTree = "<group>";
		};
		EA4B10D02A424A7000E56F7B = {
			isa = PBXGroup;
			children = (
				EA4B10DB2A424A7000E56F7B /* Amiibo */,
				EA2530F72A45C69A0088DF72 /* AmiiboTests */,
				EA2531042A45C6B70088DF72 /* AmiiboUITests */,
				EA4B10DA2A424A7000E56F7B /* Products */,
				EA4B11392A4253C800E56F7B /* Frameworks */,
			);
			sourceTree = "<group>";
		};
		EA4B10DA2A424A7000E56F7B /* Products */ = {
			isa = PBXGroup;
			children = (
				EA4B10D92A424A7000E56F7B /* Amiibo.app */,
				EA2530F62A45C6990088DF72 /* AmiiboTests.xctest */,
				EA2531032A45C6B60088DF72 /* AmiiboUITests.xctest */,
			);
			name = Products;
			sourceTree = "<group>";
		};
		EA4B10DB2A424A7000E56F7B /* Amiibo */ = {
			isa = PBXGroup;
			children = (
				EA4B10EA2A424A7300E56F7B /* Info.plist */,
				EAB442652A43451400997003 /* App */,
				EA0C0ABB2A44A5DC0043C2E8 /* DependencyInjection */,
				EAB442662A43452700997003 /* Amiibo */,
				EA0C0AB72A44A2AB0043C2E8 /* Shared */,
				EA4B10E22A424A7000E56F7B /* Main.storyboard */,
				EA4B10E52A424A7300E56F7B /* Assets.xcassets */,
				EA4B10E72A424A7300E56F7B /* LaunchScreen.storyboard */,
			);
			path = Amiibo;
			sourceTree = "<group>";
		};
		EA4B11392A4253C800E56F7B /* Frameworks */ = {
			isa = PBXGroup;
			children = (
				EA4B113E2A4253CC00E56F7B /* Infrastructure.framework */,
				EA4B113A2A4253C800E56F7B /* Domain.framework */,
			);
			name = Frameworks;
			sourceTree = "<group>";
		};
		EA77406E2A45181600938571 /* Shared */ = {
			isa = PBXGroup;
			children = (
				EA0C0AB42A448B010043C2E8 /* Components */,
			);
			path = Shared;
			sourceTree = "<group>";
		};
		EAB442652A43451400997003 /* App */ = {
			isa = PBXGroup;
			children = (
				EA4B10DC2A424A7000E56F7B /* AppDelegate.swift */,
				EA4B10DE2A424A7000E56F7B /* SceneDelegate.swift */,
			);
			path = App;
			sourceTree = "<group>";
		};
		EAB442662A43452700997003 /* Amiibo */ = {
			isa = PBXGroup;
			children = (
				EA77406E2A45181600938571 /* Shared */,
				EAB442692A43454500997003 /* AmiiboDetail */,
				EAB442682A43453E00997003 /* AmiiboFavorites */,
				EAB442672A43453500997003 /* AmiiboHome */,
			);
			path = Amiibo;
			sourceTree = "<group>";
		};
		EAB442672A43453500997003 /* AmiiboHome */ = {
			isa = PBXGroup;
			children = (
				EAB442732A43461C00997003 /* DependencyAssembler */,
				EAB442712A4345F300997003 /* ViewModel */,
				EAB442702A4345E900997003 /* View */,
			);
			path = AmiiboHome;
			sourceTree = "<group>";
		};
		EAB442682A43453E00997003 /* AmiiboFavorites */ = {
			isa = PBXGroup;
			children = (
				EAB442742A43462300997003 /* DependencyAssembler */,
				EAB4426E2A4345BF00997003 /* ViewModel */,
				EAB4426D2A4345B700997003 /* View */,
			);
			path = AmiiboFavorites;
			sourceTree = "<group>";
		};
		EAB442692A43454500997003 /* AmiiboDetail */ = {
			isa = PBXGroup;
			children = (
				EAB442752A43462A00997003 /* DependencyAssembler */,
				EAB4426B2A43457D00997003 /* ViewModel */,
				EAB4426A2A43457700997003 /* View */,
			);
			path = AmiiboDetail;
			sourceTree = "<group>";
		};
		EAB4426A2A43457700997003 /* View */ = {
			isa = PBXGroup;
			children = (
				EA7740602A44D5B600938571 /* AmiiboDetailViewController.swift */,
			);
			path = View;
			sourceTree = "<group>";
		};
		EAB4426B2A43457D00997003 /* ViewModel */ = {
			isa = PBXGroup;
			children = (
				EA7740642A44EACE00938571 /* AmiiboDetailViewModel.swift */,
				EA7740662A44EC5C00938571 /* AmiiboDetailViewModelProtocol.swift */,
			);
			path = ViewModel;
			sourceTree = "<group>";
		};
		EAB4426D2A4345B700997003 /* View */ = {
			isa = PBXGroup;
			children = (
				EA0C0AC12A44A8690043C2E8 /* FavoriteAmiiboViewController.swift */,
			);
			path = View;
			sourceTree = "<group>";
		};
		EAB4426E2A4345BF00997003 /* ViewModel */ = {
			isa = PBXGroup;
			children = (
				EA0C0AC62A44BDB60043C2E8 /* FavoritesAmiiboViewModel.swift */,
				EA0C0AC82A44BDC70043C2E8 /* FavoritesAmiiboViewModelProtocol.swift */,
			);
			path = ViewModel;
			sourceTree = "<group>";
		};
		EAB442702A4345E900997003 /* View */ = {
			isa = PBXGroup;
			children = (
				EA0C0AB22A447AFB0043C2E8 /* AmiiboHomeViewController.swift */,
			);
			path = View;
			sourceTree = "<group>";
		};
		EAB442712A4345F300997003 /* ViewModel */ = {
			isa = PBXGroup;
			children = (
				EA0C0AAE2A4471880043C2E8 /* AmiiboHomeViewModel.swift */,
				EA0C0AB02A44798F0043C2E8 /* AmiiboHomeViewModelProtocol.swift */,
			);
			path = ViewModel;
			sourceTree = "<group>";
		};
		EAB442732A43461C00997003 /* DependencyAssembler */ = {
			isa = PBXGroup;
			children = (
				EA0C0AAC2A4470890043C2E8 /* AmiiboHomeDependencyAssembler.swift */,
			);
			path = DependencyAssembler;
			sourceTree = "<group>";
		};
		EAB442742A43462300997003 /* DependencyAssembler */ = {
			isa = PBXGroup;
			children = (
				EA77406C2A45173200938571 /* FavoriteAmiiboDependencyAssembler.swift */,
			);
			path = DependencyAssembler;
			sourceTree = "<group>";
		};
		EAB442752A43462A00997003 /* DependencyAssembler */ = {
			isa = PBXGroup;
			children = (
				EA7740682A44ED4200938571 /* AmiiboDetailDependencyAssembler.swift */,
			);
			path = DependencyAssembler;
			sourceTree = "<group>";
		};
/* End PBXGroup section */

/* Begin PBXNativeTarget section */
		EA2530F52A45C6990088DF72 /* AmiiboTests */ = {
			isa = PBXNativeTarget;
			buildConfigurationList = EA2530FE2A45C69A0088DF72 /* Build configuration list for PBXNativeTarget "AmiiboTests" */;
			buildPhases = (
				EA2530F22A45C6990088DF72 /* Sources */,
				EA2530F32A45C6990088DF72 /* Frameworks */,
				EA2530F42A45C6990088DF72 /* Resources */,
			);
			buildRules = (
			);
			dependencies = (
				EA2530FB2A45C69A0088DF72 /* PBXTargetDependency */,
			);
			name = AmiiboTests;
			productName = AmiiboTests;
			productReference = EA2530F62A45C6990088DF72 /* AmiiboTests.xctest */;
			productType = "com.apple.product-type.bundle.unit-test";
		};
		EA2531022A45C6B60088DF72 /* AmiiboUITests */ = {
			isa = PBXNativeTarget;
			buildConfigurationList = EA25310B2A45C6B70088DF72 /* Build configuration list for PBXNativeTarget "AmiiboUITests" */;
			buildPhases = (
				EA2530FF2A45C6B60088DF72 /* Sources */,
				EA2531002A45C6B60088DF72 /* Frameworks */,
				EA2531012A45C6B60088DF72 /* Resources */,
			);
			buildRules = (
			);
			dependencies = (
				EA25310A2A45C6B70088DF72 /* PBXTargetDependency */,
			);
			name = AmiiboUITests;
			productName = AmiiboUITests;
			productReference = EA2531032A45C6B60088DF72 /* AmiiboUITests.xctest */;
			productType = "com.apple.product-type.bundle.ui-testing";
		};
		EA4B10D82A424A7000E56F7B /* Amiibo */ = {
			isa = PBXNativeTarget;
			buildConfigurationList = EA4B10ED2A424A7300E56F7B /* Build configuration list for PBXNativeTarget "Amiibo" */;
			buildPhases = (
				EA4B10D52A424A7000E56F7B /* Sources */,
				EA4B10D62A424A7000E56F7B /* Frameworks */,
				EA4B10D72A424A7000E56F7B /* Resources */,
				EA4B113D2A4253C800E56F7B /* Embed Frameworks */,
			);
			buildRules = (
			);
			dependencies = (
			);
			name = Amiibo;
			packageProductDependencies = (
				EA4B11452A4256FE00E56F7B /* Swinject */,
			);
			productName = Amiibo;
			productReference = EA4B10D92A424A7000E56F7B /* Amiibo.app */;
			productType = "com.apple.product-type.application";
		};
/* End PBXNativeTarget section */

/* Begin PBXProject section */
		EA4B10D12A424A7000E56F7B /* Project object */ = {
			isa = PBXProject;
			attributes = {
				BuildIndependentTargetsInParallel = 1;
				LastSwiftUpdateCheck = 1430;
				LastUpgradeCheck = 1430;
				TargetAttributes = {
					EA2530F52A45C6990088DF72 = {
						CreatedOnToolsVersion = 14.3.1;
						TestTargetID = EA4B10D82A424A7000E56F7B;
					};
					EA2531022A45C6B60088DF72 = {
						CreatedOnToolsVersion = 14.3.1;
						TestTargetID = EA4B10D82A424A7000E56F7B;
					};
					EA4B10D82A424A7000E56F7B = {
						CreatedOnToolsVersion = 14.3.1;
					};
				};
			};
			buildConfigurationList = EA4B10D42A424A7000E56F7B /* Build configuration list for PBXProject "Amiibo" */;
			compatibilityVersion = "Xcode 14.0";
			developmentRegion = en;
			hasScannedForEncodings = 0;
			knownRegions = (
				en,
				Base,
			);
			mainGroup = EA4B10D02A424A7000E56F7B;
			packageReferences = (
				EA4B11442A4256FE00E56F7B /* XCRemoteSwiftPackageReference "Swinject" */,
			);
			productRefGroup = EA4B10DA2A424A7000E56F7B /* Products */;
			projectDirPath = "";
			projectRoot = "";
			targets = (
				EA4B10D82A424A7000E56F7B /* Amiibo */,
				EA2530F52A45C6990088DF72 /* AmiiboTests */,
				EA2531022A45C6B60088DF72 /* AmiiboUITests */,
			);
		};
/* End PBXProject section */

/* Begin PBXResourcesBuildPhase section */
		EA2530F42A45C6990088DF72 /* Resources */ = {
			isa = PBXResourcesBuildPhase;
			buildActionMask = 2147483647;
			files = (
			);
			runOnlyForDeploymentPostprocessing = 0;
		};
		EA2531012A45C6B60088DF72 /* Resources */ = {
			isa = PBXResourcesBuildPhase;
			buildActionMask = 2147483647;
			files = (
			);
			runOnlyForDeploymentPostprocessing = 0;
		};
		EA4B10D72A424A7000E56F7B /* Resources */ = {
			isa = PBXResourcesBuildPhase;
			buildActionMask = 2147483647;
			files = (
				EA4B10E92A424A7300E56F7B /* LaunchScreen.storyboard in Resources */,
				EA4B10E62A424A7300E56F7B /* Assets.xcassets in Resources */,
				EA4B10E42A424A7000E56F7B /* Main.storyboard in Resources */,
			);
			runOnlyForDeploymentPostprocessing = 0;
		};
/* End PBXResourcesBuildPhase section */

/* Begin PBXSourcesBuildPhase section */
		EA2530F22A45C6990088DF72 /* Sources */ = {
			isa = PBXSourcesBuildPhase;
			buildActionMask = 2147483647;
			files = (
				EA25311C2A45CD110088DF72 /* String+RandomID.swift in Sources */,
				EA2531132A45C77E0088DF72 /* AmiiboHomeViewModelTests.swift in Sources */,
				EA25311E2A45CD3D0088DF72 /* AmiiboDataBuilder.swift in Sources */,
				EA0A5F2F2A45DE84005CA2C4 /* StubSaveAmiiboFavoriteUseCase.swift in Sources */,
				EA2531202A45CD4E0088DF72 /* ReleaseDataBuilder.swift in Sources */,
				EA2531162A45C8E40088DF72 /* StubGetAmiiboListUseCase.swift in Sources */,
				EA0A5F282A45D939005CA2C4 /* StubGetFavoriteAmiiboListUseCase.swift in Sources */,
				EA0A5F2D2A45DBB3005CA2C4 /* StubGetAmiiboDetailUseCase.swift in Sources */,
				EA2531182A45C8FC0088DF72 /* StubFilterAmiiboByTypeUseCase.swift in Sources */,
				EA0A5F2A2A45DAE5005CA2C4 /* AmiiboDetailViewModelTests.swift in Sources */,
				EA0A5F252A45D8E0005CA2C4 /* AmiiboFavoritesViewModelTests.swift in Sources */,
			);
			runOnlyForDeploymentPostprocessing = 0;
		};
		EA2530FF2A45C6B60088DF72 /* Sources */ = {
			isa = PBXSourcesBuildPhase;
			buildActionMask = 2147483647;
			files = (
				EA2531062A45C6B70088DF72 /* AmiiboUITests.swift in Sources */,
				EA2531082A45C6B70088DF72 /* AmiiboUITestsLaunchTests.swift in Sources */,
			);
			runOnlyForDeploymentPostprocessing = 0;
		};
		EA4B10D52A424A7000E56F7B /* Sources */ = {
			isa = PBXSourcesBuildPhase;
			buildActionMask = 2147483647;
			files = (
				EA7740652A44EACE00938571 /* AmiiboDetailViewModel.swift in Sources */,
				EA0C0AC22A44A8690043C2E8 /* FavoriteAmiiboViewController.swift in Sources */,
				EA0C0AC52A44B2160043C2E8 /* ProvidesDependencyInjection.swift in Sources */,
				EA0C0AAD2A4470890043C2E8 /* AmiiboHomeDependencyAssembler.swift in Sources */,
				EA0C0AC92A44BDC70043C2E8 /* FavoritesAmiiboViewModelProtocol.swift in Sources */,
				EA0C0AB32A447AFB0043C2E8 /* AmiiboHomeViewController.swift in Sources */,
				EA7740672A44EC5C00938571 /* AmiiboDetailViewModelProtocol.swift in Sources */,
				EA7740612A44D5B600938571 /* AmiiboDetailViewController.swift in Sources */,
				EA77406D2A45173200938571 /* FavoriteAmiiboDependencyAssembler.swift in Sources */,
				EA0C0ABE2A44A6210043C2E8 /* AmiiboDependencyInjection.swift in Sources */,
				EA0C0AB12A44798F0043C2E8 /* AmiiboHomeViewModelProtocol.swift in Sources */,
				EA4B10DD2A424A7000E56F7B /* AppDelegate.swift in Sources */,
				EA7740632A44DF8600938571 /* CustomImageView.swift in Sources */,
				EA0C0AC72A44BDB60043C2E8 /* FavoritesAmiiboViewModel.swift in Sources */,
				EA0C0AB62A448B470043C2E8 /* AmiiboHomeTableViewCell.swift in Sources */,
				EA4B10DF2A424A7000E56F7B /* SceneDelegate.swift in Sources */,
				EA0C0AC02A44A6C50043C2E8 /* DependencyInjectionContainer.swift in Sources */,
				EA0C0ABA2A44A2F30043C2E8 /* UIViewController+Toast.swift in Sources */,
				EA0C0AAF2A4471880043C2E8 /* AmiiboHomeViewModel.swift in Sources */,
				EA7740692A44ED4200938571 /* AmiiboDetailDependencyAssembler.swift in Sources */,
			);
			runOnlyForDeploymentPostprocessing = 0;
		};
/* End PBXSourcesBuildPhase section */

/* Begin PBXTargetDependency section */
		EA2530FB2A45C69A0088DF72 /* PBXTargetDependency */ = {
			isa = PBXTargetDependency;
			target = EA4B10D82A424A7000E56F7B /* Amiibo */;
			targetProxy = EA2530FA2A45C69A0088DF72 /* PBXContainerItemProxy */;
		};
		EA25310A2A45C6B70088DF72 /* PBXTargetDependency */ = {
			isa = PBXTargetDependency;
			target = EA4B10D82A424A7000E56F7B /* Amiibo */;
			targetProxy = EA2531092A45C6B70088DF72 /* PBXContainerItemProxy */;
		};
/* End PBXTargetDependency section */

/* Begin PBXVariantGroup section */
		EA4B10E22A424A7000E56F7B /* Main.storyboard */ = {
			isa = PBXVariantGroup;
			children = (
				EA4B10E32A424A7000E56F7B /* Base */,
			);
			name = Main.storyboard;
			sourceTree = "<group>";
		};
		EA4B10E72A424A7300E56F7B /* LaunchScreen.storyboard */ = {
			isa = PBXVariantGroup;
			children = (
				EA4B10E82A424A7300E56F7B /* Base */,
			);
			name = LaunchScreen.storyboard;
			sourceTree = "<group>";
		};
/* End PBXVariantGroup section */

/* Begin XCBuildConfiguration section */
		EA2530FC2A45C69A0088DF72 /* Debug */ = {
			isa = XCBuildConfiguration;
			buildSettings = {
				BUNDLE_LOADER = "$(TEST_HOST)";
				CODE_SIGN_STYLE = Automatic;
				CURRENT_PROJECT_VERSION = 1;
				DEVELOPMENT_TEAM = WNT5TCZA8Q;
				GENERATE_INFOPLIST_FILE = YES;
				MARKETING_VERSION = 1.0;
				PRODUCT_BUNDLE_IDENTIFIER = com.ceiba.AmiiboTests;
				PRODUCT_NAME = "$(TARGET_NAME)";
				SWIFT_EMIT_LOC_STRINGS = NO;
				SWIFT_VERSION = 5.0;
				TARGETED_DEVICE_FAMILY = "1,2";
				TEST_HOST = "$(BUILT_PRODUCTS_DIR)/Amiibo.app/$(BUNDLE_EXECUTABLE_FOLDER_PATH)/Amiibo";
			};
			name = Debug;
		};
		EA2530FD2A45C69A0088DF72 /* Release */ = {
			isa = XCBuildConfiguration;
			buildSettings = {
				BUNDLE_LOADER = "$(TEST_HOST)";
				CODE_SIGN_STYLE = Automatic;
				CURRENT_PROJECT_VERSION = 1;
				DEVELOPMENT_TEAM = WNT5TCZA8Q;
				GENERATE_INFOPLIST_FILE = YES;
				MARKETING_VERSION = 1.0;
				PRODUCT_BUNDLE_IDENTIFIER = com.ceiba.AmiiboTests;
				PRODUCT_NAME = "$(TARGET_NAME)";
				SWIFT_EMIT_LOC_STRINGS = NO;
				SWIFT_VERSION = 5.0;
				TARGETED_DEVICE_FAMILY = "1,2";
				TEST_HOST = "$(BUILT_PRODUCTS_DIR)/Amiibo.app/$(BUNDLE_EXECUTABLE_FOLDER_PATH)/Amiibo";
			};
			name = Release;
		};
		EA25310C2A45C6B70088DF72 /* Debug */ = {
			isa = XCBuildConfiguration;
			buildSettings = {
				CODE_SIGN_STYLE = Automatic;
				CURRENT_PROJECT_VERSION = 1;
				DEVELOPMENT_TEAM = WNT5TCZA8Q;
				GENERATE_INFOPLIST_FILE = YES;
				MARKETING_VERSION = 1.0;
				PRODUCT_BUNDLE_IDENTIFIER = com.ceiba.AmiiboUITests;
				PRODUCT_NAME = "$(TARGET_NAME)";
				SWIFT_EMIT_LOC_STRINGS = NO;
				SWIFT_VERSION = 5.0;
				TARGETED_DEVICE_FAMILY = "1,2";
				TEST_TARGET_NAME = Amiibo;
			};
			name = Debug;
		};
		EA25310D2A45C6B70088DF72 /* Release */ = {
			isa = XCBuildConfiguration;
			buildSettings = {
				CODE_SIGN_STYLE = Automatic;
				CURRENT_PROJECT_VERSION = 1;
				DEVELOPMENT_TEAM = WNT5TCZA8Q;
				GENERATE_INFOPLIST_FILE = YES;
				MARKETING_VERSION = 1.0;
				PRODUCT_BUNDLE_IDENTIFIER = com.ceiba.AmiiboUITests;
				PRODUCT_NAME = "$(TARGET_NAME)";
				SWIFT_EMIT_LOC_STRINGS = NO;
				SWIFT_VERSION = 5.0;
				TARGETED_DEVICE_FAMILY = "1,2";
				TEST_TARGET_NAME = Amiibo;
			};
			name = Release;
		};
		EA4B10EB2A424A7300E56F7B /* Debug */ = {
			isa = XCBuildConfiguration;
			buildSettings = {
				ALWAYS_SEARCH_USER_PATHS = NO;
				CLANG_ANALYZER_NONNULL = YES;
				CLANG_ANALYZER_NUMBER_OBJECT_CONVERSION = YES_AGGRESSIVE;
				CLANG_CXX_LANGUAGE_STANDARD = "gnu++20";
				CLANG_ENABLE_MODULES = YES;
				CLANG_ENABLE_OBJC_ARC = YES;
				CLANG_ENABLE_OBJC_WEAK = YES;
				CLANG_WARN_BLOCK_CAPTURE_AUTORELEASING = YES;
				CLANG_WARN_BOOL_CONVERSION = YES;
				CLANG_WARN_COMMA = YES;
				CLANG_WARN_CONSTANT_CONVERSION = YES;
				CLANG_WARN_DEPRECATED_OBJC_IMPLEMENTATIONS = YES;
				CLANG_WARN_DIRECT_OBJC_ISA_USAGE = YES_ERROR;
				CLANG_WARN_DOCUMENTATION_COMMENTS = YES;
				CLANG_WARN_EMPTY_BODY = YES;
				CLANG_WARN_ENUM_CONVERSION = YES;
				CLANG_WARN_INFINITE_RECURSION = YES;
				CLANG_WARN_INT_CONVERSION = YES;
				CLANG_WARN_NON_LITERAL_NULL_CONVERSION = YES;
				CLANG_WARN_OBJC_IMPLICIT_RETAIN_SELF = YES;
				CLANG_WARN_OBJC_LITERAL_CONVERSION = YES;
				CLANG_WARN_OBJC_ROOT_CLASS = YES_ERROR;
				CLANG_WARN_QUOTED_INCLUDE_IN_FRAMEWORK_HEADER = YES;
				CLANG_WARN_RANGE_LOOP_ANALYSIS = YES;
				CLANG_WARN_STRICT_PROTOTYPES = YES;
				CLANG_WARN_SUSPICIOUS_MOVE = YES;
				CLANG_WARN_UNGUARDED_AVAILABILITY = YES_AGGRESSIVE;
				CLANG_WARN_UNREACHABLE_CODE = YES;
				CLANG_WARN__DUPLICATE_METHOD_MATCH = YES;
				COPY_PHASE_STRIP = NO;
				DEBUG_INFORMATION_FORMAT = dwarf;
				ENABLE_STRICT_OBJC_MSGSEND = YES;
				ENABLE_TESTABILITY = YES;
				GCC_C_LANGUAGE_STANDARD = gnu11;
				GCC_DYNAMIC_NO_PIC = NO;
				GCC_NO_COMMON_BLOCKS = YES;
				GCC_OPTIMIZATION_LEVEL = 0;
				GCC_PREPROCESSOR_DEFINITIONS = (
					"DEBUG=1",
					"$(inherited)",
				);
				GCC_WARN_64_TO_32_BIT_CONVERSION = YES;
				GCC_WARN_ABOUT_RETURN_TYPE = YES_ERROR;
				GCC_WARN_UNDECLARED_SELECTOR = YES;
				GCC_WARN_UNINITIALIZED_AUTOS = YES_AGGRESSIVE;
				GCC_WARN_UNUSED_FUNCTION = YES;
				GCC_WARN_UNUSED_VARIABLE = YES;
				IPHONEOS_DEPLOYMENT_TARGET = 16.4;
				MTL_ENABLE_DEBUG_INFO = INCLUDE_SOURCE;
				MTL_FAST_MATH = YES;
				ONLY_ACTIVE_ARCH = YES;
				SDKROOT = iphoneos;
				SWIFT_ACTIVE_COMPILATION_CONDITIONS = DEBUG;
				SWIFT_OPTIMIZATION_LEVEL = "-Onone";
			};
			name = Debug;
		};
		EA4B10EC2A424A7300E56F7B /* Release */ = {
			isa = XCBuildConfiguration;
			buildSettings = {
				ALWAYS_SEARCH_USER_PATHS = NO;
				CLANG_ANALYZER_NONNULL = YES;
				CLANG_ANALYZER_NUMBER_OBJECT_CONVERSION = YES_AGGRESSIVE;
				CLANG_CXX_LANGUAGE_STANDARD = "gnu++20";
				CLANG_ENABLE_MODULES = YES;
				CLANG_ENABLE_OBJC_ARC = YES;
				CLANG_ENABLE_OBJC_WEAK = YES;
				CLANG_WARN_BLOCK_CAPTURE_AUTORELEASING = YES;
				CLANG_WARN_BOOL_CONVERSION = YES;
				CLANG_WARN_COMMA = YES;
				CLANG_WARN_CONSTANT_CONVERSION = YES;
				CLANG_WARN_DEPRECATED_OBJC_IMPLEMENTATIONS = YES;
				CLANG_WARN_DIRECT_OBJC_ISA_USAGE = YES_ERROR;
				CLANG_WARN_DOCUMENTATION_COMMENTS = YES;
				CLANG_WARN_EMPTY_BODY = YES;
				CLANG_WARN_ENUM_CONVERSION = YES;
				CLANG_WARN_INFINITE_RECURSION = YES;
				CLANG_WARN_INT_CONVERSION = YES;
				CLANG_WARN_NON_LITERAL_NULL_CONVERSION = YES;
				CLANG_WARN_OBJC_IMPLICIT_RETAIN_SELF = YES;
				CLANG_WARN_OBJC_LITERAL_CONVERSION = YES;
				CLANG_WARN_OBJC_ROOT_CLASS = YES_ERROR;
				CLANG_WARN_QUOTED_INCLUDE_IN_FRAMEWORK_HEADER = YES;
				CLANG_WARN_RANGE_LOOP_ANALYSIS = YES;
				CLANG_WARN_STRICT_PROTOTYPES = YES;
				CLANG_WARN_SUSPICIOUS_MOVE = YES;
				CLANG_WARN_UNGUARDED_AVAILABILITY = YES_AGGRESSIVE;
				CLANG_WARN_UNREACHABLE_CODE = YES;
				CLANG_WARN__DUPLICATE_METHOD_MATCH = YES;
				COPY_PHASE_STRIP = NO;
				DEBUG_INFORMATION_FORMAT = "dwarf-with-dsym";
				ENABLE_NS_ASSERTIONS = NO;
				ENABLE_STRICT_OBJC_MSGSEND = YES;
				GCC_C_LANGUAGE_STANDARD = gnu11;
				GCC_NO_COMMON_BLOCKS = YES;
				GCC_WARN_64_TO_32_BIT_CONVERSION = YES;
				GCC_WARN_ABOUT_RETURN_TYPE = YES_ERROR;
				GCC_WARN_UNDECLARED_SELECTOR = YES;
				GCC_WARN_UNINITIALIZED_AUTOS = YES_AGGRESSIVE;
				GCC_WARN_UNUSED_FUNCTION = YES;
				GCC_WARN_UNUSED_VARIABLE = YES;
				IPHONEOS_DEPLOYMENT_TARGET = 16.4;
				MTL_ENABLE_DEBUG_INFO = NO;
				MTL_FAST_MATH = YES;
				SDKROOT = iphoneos;
				SWIFT_COMPILATION_MODE = wholemodule;
				SWIFT_OPTIMIZATION_LEVEL = "-O";
				VALIDATE_PRODUCT = YES;
			};
			name = Release;
		};
		EA4B10EE2A424A7300E56F7B /* Debug */ = {
			isa = XCBuildConfiguration;
			buildSettings = {
				ASSETCATALOG_COMPILER_APPICON_NAME = AppIcon;
				ASSETCATALOG_COMPILER_GLOBAL_ACCENT_COLOR_NAME = AccentColor;
				CODE_SIGN_STYLE = Automatic;
				CURRENT_PROJECT_VERSION = 1;
				DEVELOPMENT_TEAM = WNT5TCZA8Q;
				GENERATE_INFOPLIST_FILE = YES;
				INFOPLIST_FILE = Amiibo/Info.plist;
				INFOPLIST_KEY_UIApplicationSupportsIndirectInputEvents = YES;
				INFOPLIST_KEY_UILaunchStoryboardName = LaunchScreen;
				INFOPLIST_KEY_UIMainStoryboardFile = Main;
				INFOPLIST_KEY_UISupportedInterfaceOrientations_iPad = "UIInterfaceOrientationPortrait UIInterfaceOrientationPortraitUpsideDown UIInterfaceOrientationLandscapeLeft UIInterfaceOrientationLandscapeRight";
				INFOPLIST_KEY_UISupportedInterfaceOrientations_iPhone = "UIInterfaceOrientationPortrait UIInterfaceOrientationLandscapeLeft UIInterfaceOrientationLandscapeRight";
				LD_RUNPATH_SEARCH_PATHS = (
					"$(inherited)",
					"@executable_path/Frameworks",
				);
				MARKETING_VERSION = 1.0;
				PRODUCT_BUNDLE_IDENTIFIER = com.ceiba.Amiibo;
				PRODUCT_NAME = "$(TARGET_NAME)";
				SWIFT_EMIT_LOC_STRINGS = YES;
				SWIFT_VERSION = 5.0;
				TARGETED_DEVICE_FAMILY = "1,2";
			};
			name = Debug;
		};
		EA4B10EF2A424A7300E56F7B /* Release */ = {
			isa = XCBuildConfiguration;
			buildSettings = {
				ASSETCATALOG_COMPILER_APPICON_NAME = AppIcon;
				ASSETCATALOG_COMPILER_GLOBAL_ACCENT_COLOR_NAME = AccentColor;
				CODE_SIGN_STYLE = Automatic;
				CURRENT_PROJECT_VERSION = 1;
				DEVELOPMENT_TEAM = WNT5TCZA8Q;
				GENERATE_INFOPLIST_FILE = YES;
				INFOPLIST_FILE = Amiibo/Info.plist;
				INFOPLIST_KEY_UIApplicationSupportsIndirectInputEvents = YES;
				INFOPLIST_KEY_UILaunchStoryboardName = LaunchScreen;
				INFOPLIST_KEY_UIMainStoryboardFile = Main;
				INFOPLIST_KEY_UISupportedInterfaceOrientations_iPad = "UIInterfaceOrientationPortrait UIInterfaceOrientationPortraitUpsideDown UIInterfaceOrientationLandscapeLeft UIInterfaceOrientationLandscapeRight";
				INFOPLIST_KEY_UISupportedInterfaceOrientations_iPhone = "UIInterfaceOrientationPortrait UIInterfaceOrientationLandscapeLeft UIInterfaceOrientationLandscapeRight";
				LD_RUNPATH_SEARCH_PATHS = (
					"$(inherited)",
					"@executable_path/Frameworks",
				);
				MARKETING_VERSION = 1.0;
				PRODUCT_BUNDLE_IDENTIFIER = com.ceiba.Amiibo;
				PRODUCT_NAME = "$(TARGET_NAME)";
				SWIFT_EMIT_LOC_STRINGS = YES;
				SWIFT_VERSION = 5.0;
				TARGETED_DEVICE_FAMILY = "1,2";
			};
			name = Release;
		};
/* End XCBuildConfiguration section */

/* Begin XCConfigurationList section */
		EA2530FE2A45C69A0088DF72 /* Build configuration list for PBXNativeTarget "AmiiboTests" */ = {
			isa = XCConfigurationList;
			buildConfigurations = (
				EA2530FC2A45C69A0088DF72 /* Debug */,
				EA2530FD2A45C69A0088DF72 /* Release */,
			);
			defaultConfigurationIsVisible = 0;
			defaultConfigurationName = Release;
		};
		EA25310B2A45C6B70088DF72 /* Build configuration list for PBXNativeTarget "AmiiboUITests" */ = {
			isa = XCConfigurationList;
			buildConfigurations = (
				EA25310C2A45C6B70088DF72 /* Debug */,
				EA25310D2A45C6B70088DF72 /* Release */,
			);
			defaultConfigurationIsVisible = 0;
			defaultConfigurationName = Release;
		};
		EA4B10D42A424A7000E56F7B /* Build configuration list for PBXProject "Amiibo" */ = {
			isa = XCConfigurationList;
			buildConfigurations = (
				EA4B10EB2A424A7300E56F7B /* Debug */,
				EA4B10EC2A424A7300E56F7B /* Release */,
			);
			defaultConfigurationIsVisible = 0;
			defaultConfigurationName = Release;
		};
		EA4B10ED2A424A7300E56F7B /* Build configuration list for PBXNativeTarget "Amiibo" */ = {
			isa = XCConfigurationList;
			buildConfigurations = (
				EA4B10EE2A424A7300E56F7B /* Debug */,
				EA4B10EF2A424A7300E56F7B /* Release */,
			);
			defaultConfigurationIsVisible = 0;
			defaultConfigurationName = Release;
		};
/* End XCConfigurationList section */

/* Begin XCRemoteSwiftPackageReference section */
		EA4B11442A4256FE00E56F7B /* XCRemoteSwiftPackageReference "Swinject" */ = {
			isa = XCRemoteSwiftPackageReference;
			repositoryURL = "https://github.com/Swinject/Swinject.git";
			requirement = {
				kind = upToNextMajorVersion;
				minimumVersion = 2.0.0;
			};
		};
/* End XCRemoteSwiftPackageReference section */

/* Begin XCSwiftPackageProductDependency section */
		EA4B11452A4256FE00E56F7B /* Swinject */ = {
			isa = XCSwiftPackageProductDependency;
			package = EA4B11442A4256FE00E56F7B /* XCRemoteSwiftPackageReference "Swinject" */;
			productName = Swinject;
		};
/* End XCSwiftPackageProductDependency section */
	};
	rootObject = EA4B10D12A424A7000E56F7B /* Project object */;
}
